
Microsoft Visual Studio Solution File, Format Version 12.00
# Visual Studio Version 16
VisualStudioVersion = 16.0.31105.61
MinimumVisualStudioVersion = 10.0.40219.1
Project("{9A19103F-16F7-4668-BE54-9A1E7A4F7556}") = "ApiRest", "ApiRest\ApiRest.csproj", "{25F393B5-4826-45E8-8038-E88BE195EE0B}"
EndProject
Project("{9A19103F-16F7-4668-BE54-9A1E7A4F7556}") = "CapaDatos", "CapaDatos\CapaDatos.csproj", "{92692AE3-AAF3-4E38-AEE3-D01F30669F9F}"
EndProject
Project("{9A19103F-16F7-4668-BE54-9A1E7A4F7556}") = "CapaDominio", "CapaDominio\CapaDominio.csproj", "{F2F8020E-CAFA-4A76-A5F8-51A8B362D167}"
EndProject
Project("{9A19103F-16F7-4668-BE54-9A1E7A4F7556}") = "TestProject1", "TestProject1\TestProject1.csproj", "{B181DFE3-C02E-4297-8A12-65C396783C6A}"
EndProject
Global
	GlobalSection(SolutionConfigurationPlatforms) = preSolution
		Debug|Any CPU = Debug|Any CPU
		Release|Any CPU = Release|Any CPU
	EndGlobalSection
	GlobalSection(ProjectConfigurationPlatforms) = postSolution
		{25F393B5-4826-45E8-8038-E88BE195EE0B}.Debug|Any CPU.ActiveCfg = Debug|Any CPU
		{25F393B5-4826-45E8-8038-E88BE195EE0B}.Debug|Any CPU.Build.0 = Debug|Any CPU
		{25F393B5-4826-45E8-8038-E88BE195EE0B}.Release|Any CPU.ActiveCfg = Release|Any CPU
		{25F393B5-4826-45E8-8038-E88BE195EE0B}.Release|Any CPU.Build.0 = Release|Any CPU
		{92692AE3-AAF3-4E38-AEE3-D01F30669F9F}.Debug|Any CPU.ActiveCfg = Debug|Any CPU
		{92692AE3-AAF3-4E38-AEE3-D01F30669F9F}.Debug|Any CPU.Build.0 = Debug|Any CPU
		{92692AE3-AAF3-4E38-AEE3-D01F30669F9F}.Release|Any CPU.ActiveCfg = Release|Any CPU
		{92692AE3-AAF3-4E38-AEE3-D01F30669F9F}.Release|Any CPU.Build.0 = Release|Any CPU
		{F2F8020E-CAFA-4A76-A5F8-51A8B362D167}.Debug|Any CPU.ActiveCfg = Debug|Any CPU
		{F2F8020E-CAFA-4A76-A5F8-51A8B362D167}.Debug|Any CPU.Build.0 = Debug|Any CPU
		{F2F8020E-CAFA-4A76-A5F8-51A8B362D167}.Release|Any CPU.ActiveCfg = Release|Any CPU
		{F2F8020E-CAFA-4A76-A5F8-51A8B362D167}.Release|Any CPU.Build.0 = Release|Any CPU
		{B181DFE3-C02E-4297-8A12-65C396783C6A}.Debug|Any CPU.ActiveCfg = Debug|Any CPU
		{B181DFE3-C02E-4297-8A12-65C396783C6A}.Debug|Any CPU.Build.0 = Debug|Any CPU
		{B181DFE3-C02E-4297-8A12-65C396783C6A}.Release|Any CPU.ActiveCfg = Release|Any CPU
		{B181DFE3-C02E-4297-8A12-65C396783C6A}.Release|Any CPU.Build.0 = Release|Any CPU
	EndGlobalSection
	GlobalSection(SolutionProperties) = preSolution
		HideSolutionNode = FALSE
	EndGlobalSection
	GlobalSection(ExtensibilityGlobals) = postSolution
		SolutionGuid = {AAC4D3A0-5379-469A-A824-CB7DDE4B395C}
	EndGlobalSection
EndGlobal
